
Microsoft Visual Studio Solution File, Format Version 12.00
# Visual Studio 15
VisualStudioVersion = 15.0.27004.2009
MinimumVisualStudioVersion = 10.0.40219.1
Project("{9A19103F-16F7-4668-BE54-9A1E7A4F7556}") = "IoC.Configuration", "IoC.Configuration\IoC.Configuration.csproj", "{560C8439-6756-45D6-A4AC-077BC5B149E0}"
EndProject
Project("{2150E333-8FDC-42A3-9474-1A3956D46DE8}") = "Extensions", "Extensions", "{A3885BC2-DBA3-44DE-A19A-CAA2B10ECB7E}"
EndProject
Project("{2150E333-8FDC-42A3-9474-1A3956D46DE8}") = "ProjectsForDynamicallyLoadedDlls", "ProjectsForDynamicallyLoadedDlls", "{7F5DA0D6-7EBC-43A7-812D-3363089F05F5}"
EndProject
Project("{2150E333-8FDC-42A3-9474-1A3956D46DE8}") = "Tests", "Tests", "{568B12B9-C907-46C1-9F30-089DB248AEBD}"
EndProject
Project("{9A19103F-16F7-4668-BE54-9A1E7A4F7556}") = "IoC.Configuration.Autofac", "IoC.Configuration.Autofac\IoC.Configuration.Autofac.csproj", "{80D0A370-AA85-41FA-863F-369F8C569DF6}"
EndProject
Project("{9A19103F-16F7-4668-BE54-9A1E7A4F7556}") = "IoC.Configuration.Ninject", "IoC.Configuration.Ninject\IoC.Configuration.Ninject.csproj", "{20A369DE-8F25-491F-8758-5C7B43F88DC9}"
EndProject
Project("{9A19103F-16F7-4668-BE54-9A1E7A4F7556}") = "TestsSharedLibrary", "TestsSharedLibrary\TestsSharedLibrary.csproj", "{E8BF84DD-3966-43A0-867D-1CF90108545F}"
EndProject
Project("{9A19103F-16F7-4668-BE54-9A1E7A4F7556}") = "IoC.Configuration.Tests", "IoC.Configuration.Tests\IoC.Configuration.Tests.csproj", "{02C65F1A-34E3-4A2D-8A0C-3284E4662CE1}"
EndProject
Project("{9A19103F-16F7-4668-BE54-9A1E7A4F7556}") = "TestProjects.SharedServices", "TestProjects.SharedServices\TestProjects.SharedServices.csproj", "{303B1632-FF50-4C37-9745-BCAEEE872E03}"
EndProject
Project("{9A19103F-16F7-4668-BE54-9A1E7A4F7556}") = "TestProjects.AssemblyToTestAssemblyResolution", "TestProjects.AssemblyToTestAssemblyResolution\TestProjects.AssemblyToTestAssemblyResolution.csproj", "{92F6EA87-867A-4C38-9941-EFEE7413CC72}"
EndProject
Project("{9A19103F-16F7-4668-BE54-9A1E7A4F7556}") = "TestProjects.Modules", "TestProjects.Modules\TestProjects.Modules.csproj", "{6698F2A7-2975-4DB9-93AE-82AE7A1C610A}"
EndProject
Project("{9A19103F-16F7-4668-BE54-9A1E7A4F7556}") = "TestProjects.ModulesForPlugin1", "TestProjects.ModulesForPlugin1\TestProjects.ModulesForPlugin1.csproj", "{95574F2D-D6C2-4DA3-9CC1-9D1838EEAF9B}"
EndProject
Project("{9A19103F-16F7-4668-BE54-9A1E7A4F7556}") = "TestProjects.DynamicallyLoadedAssembly1", "TestProjects.DynamicallyLoadedAssembly1\TestProjects.DynamicallyLoadedAssembly1.csproj", "{995CB0C8-55E7-427E-8A9C-47FD41768EC8}"
EndProject
Project("{9A19103F-16F7-4668-BE54-9A1E7A4F7556}") = "TestProjects.DynamicallyLoadedAssembly2", "TestProjects.DynamicallyLoadedAssembly2\TestProjects.DynamicallyLoadedAssembly2.csproj", "{FAE7628E-6462-4E90-AAA2-7AB6C453AD06}"
EndProject
Project("{9A19103F-16F7-4668-BE54-9A1E7A4F7556}") = "TestProjects.TestForceLoadAssembly", "TestProjects.TestForceLoadAssembly\TestProjects.TestForceLoadAssembly.csproj", "{822C5F73-A328-4FAA-B164-993B98465C2C}"
EndProject
Project("{9A19103F-16F7-4668-BE54-9A1E7A4F7556}") = "TestProjects.TestPluginAssembly1", "TestProjects.TestPluginAssembly1\TestProjects.TestPluginAssembly1.csproj", "{D20425E9-9E7D-4C29-8B43-97F6F2347FFE}"
EndProject
Project("{9A19103F-16F7-4668-BE54-9A1E7A4F7556}") = "TestProjects.TestPluginAssembly2", "TestProjects.TestPluginAssembly2\TestProjects.TestPluginAssembly2.csproj", "{06C87889-171C-4792-97BC-F76F190BAF9D}"
EndProject
Project("{9A19103F-16F7-4668-BE54-9A1E7A4F7556}") = "TestProjects.TestPluginAssembly3", "TestProjects.TestPluginAssembly3\TestProjects.TestPluginAssembly3.csproj", "{1FA30D83-4F50-41E9-A6E3-A2AA9852AA33}"
EndProject
Project("{9A19103F-16F7-4668-BE54-9A1E7A4F7556}") = "OROptimizer.Shared", "..\OROptimizer.Shared\OROptimizer.Shared\OROptimizer.Shared.csproj", "{5140DBD0-2271-47C9-AC28-E95F26DDE783}"
EndProject
Project("{2150E333-8FDC-42A3-9474-1A3956D46DE8}") = "Documentation", "Documentation", "{E5B1DF5A-07C3-4E11-A881-851D6C6E4927}"
	ProjectSection(SolutionItems) = preProject
		Documentation\Info.txt = Documentation\Info.txt
	EndProjectSection
EndProject
Project("{2150E333-8FDC-42A3-9474-1A3956D46DE8}") = "NuGet", "NuGet", "{157A33B6-78ED-4494-9985-E06B46C8E87D}"
	ProjectSection(SolutionItems) = preProject
		Documentation\NuGet\IoC.Configuration.Description.md = Documentation\NuGet\IoC.Configuration.Description.md
		Documentation\NuGet\IoC.Configuration.Documentation.md = Documentation\NuGet\IoC.Configuration.Documentation.md
	EndProjectSection
EndProject
Project("{2150E333-8FDC-42A3-9474-1A3956D46DE8}") = "GitHub", "GitHub", "{D4FE76C6-4FFF-461A-8AB9-215835333A6C}"
	ProjectSection(SolutionItems) = preProject
		Documentation\GitHub\IoC.Configuration.Description.md = Documentation\GitHub\IoC.Configuration.Description.md
		Documentation\GitHub\IoC.Configuration.Documentation.md = Documentation\GitHub\IoC.Configuration.Documentation.md
	EndProjectSection
EndProject
Global
	GlobalSection(SolutionConfigurationPlatforms) = preSolution
		Debug|Any CPU = Debug|Any CPU
		Release|Any CPU = Release|Any CPU
	EndGlobalSection
	GlobalSection(ProjectConfigurationPlatforms) = postSolution
		{560C8439-6756-45D6-A4AC-077BC5B149E0}.Debug|Any CPU.ActiveCfg = Debug|Any CPU
		{560C8439-6756-45D6-A4AC-077BC5B149E0}.Debug|Any CPU.Build.0 = Debug|Any CPU
		{560C8439-6756-45D6-A4AC-077BC5B149E0}.Release|Any CPU.ActiveCfg = Release|Any CPU
		{560C8439-6756-45D6-A4AC-077BC5B149E0}.Release|Any CPU.Build.0 = Release|Any CPU
		{80D0A370-AA85-41FA-863F-369F8C569DF6}.Debug|Any CPU.ActiveCfg = Debug|Any CPU
		{80D0A370-AA85-41FA-863F-369F8C569DF6}.Debug|Any CPU.Build.0 = Debug|Any CPU
		{80D0A370-AA85-41FA-863F-369F8C569DF6}.Release|Any CPU.ActiveCfg = Release|Any CPU
		{80D0A370-AA85-41FA-863F-369F8C569DF6}.Release|Any CPU.Build.0 = Release|Any CPU
		{20A369DE-8F25-491F-8758-5C7B43F88DC9}.Debug|Any CPU.ActiveCfg = Debug|Any CPU
		{20A369DE-8F25-491F-8758-5C7B43F88DC9}.Debug|Any CPU.Build.0 = Debug|Any CPU
		{20A369DE-8F25-491F-8758-5C7B43F88DC9}.Release|Any CPU.ActiveCfg = Release|Any CPU
		{20A369DE-8F25-491F-8758-5C7B43F88DC9}.Release|Any CPU.Build.0 = Release|Any CPU
		{E8BF84DD-3966-43A0-867D-1CF90108545F}.Debug|Any CPU.ActiveCfg = Debug|Any CPU
		{E8BF84DD-3966-43A0-867D-1CF90108545F}.Debug|Any CPU.Build.0 = Debug|Any CPU
		{E8BF84DD-3966-43A0-867D-1CF90108545F}.Release|Any CPU.ActiveCfg = Release|Any CPU
		{E8BF84DD-3966-43A0-867D-1CF90108545F}.Release|Any CPU.Build.0 = Release|Any CPU
		{02C65F1A-34E3-4A2D-8A0C-3284E4662CE1}.Debug|Any CPU.ActiveCfg = Debug|Any CPU
		{02C65F1A-34E3-4A2D-8A0C-3284E4662CE1}.Debug|Any CPU.Build.0 = Debug|Any CPU
		{02C65F1A-34E3-4A2D-8A0C-3284E4662CE1}.Release|Any CPU.ActiveCfg = Release|Any CPU
		{02C65F1A-34E3-4A2D-8A0C-3284E4662CE1}.Release|Any CPU.Build.0 = Release|Any CPU
		{303B1632-FF50-4C37-9745-BCAEEE872E03}.Debug|Any CPU.ActiveCfg = Debug|Any CPU
		{303B1632-FF50-4C37-9745-BCAEEE872E03}.Debug|Any CPU.Build.0 = Debug|Any CPU
		{303B1632-FF50-4C37-9745-BCAEEE872E03}.Release|Any CPU.ActiveCfg = Release|Any CPU
		{303B1632-FF50-4C37-9745-BCAEEE872E03}.Release|Any CPU.Build.0 = Release|Any CPU
		{92F6EA87-867A-4C38-9941-EFEE7413CC72}.Debug|Any CPU.ActiveCfg = Debug|Any CPU
		{92F6EA87-867A-4C38-9941-EFEE7413CC72}.Debug|Any CPU.Build.0 = Debug|Any CPU
		{92F6EA87-867A-4C38-9941-EFEE7413CC72}.Release|Any CPU.ActiveCfg = Release|Any CPU
		{92F6EA87-867A-4C38-9941-EFEE7413CC72}.Release|Any CPU.Build.0 = Release|Any CPU
		{6698F2A7-2975-4DB9-93AE-82AE7A1C610A}.Debug|Any CPU.ActiveCfg = Debug|Any CPU
		{6698F2A7-2975-4DB9-93AE-82AE7A1C610A}.Debug|Any CPU.Build.0 = Debug|Any CPU
		{6698F2A7-2975-4DB9-93AE-82AE7A1C610A}.Release|Any CPU.ActiveCfg = Release|Any CPU
		{6698F2A7-2975-4DB9-93AE-82AE7A1C610A}.Release|Any CPU.Build.0 = Release|Any CPU
		{95574F2D-D6C2-4DA3-9CC1-9D1838EEAF9B}.Debug|Any CPU.ActiveCfg = Debug|Any CPU
		{95574F2D-D6C2-4DA3-9CC1-9D1838EEAF9B}.Debug|Any CPU.Build.0 = Debug|Any CPU
		{95574F2D-D6C2-4DA3-9CC1-9D1838EEAF9B}.Release|Any CPU.ActiveCfg = Release|Any CPU
		{95574F2D-D6C2-4DA3-9CC1-9D1838EEAF9B}.Release|Any CPU.Build.0 = Release|Any CPU
		{995CB0C8-55E7-427E-8A9C-47FD41768EC8}.Debug|Any CPU.ActiveCfg = Debug|Any CPU
		{995CB0C8-55E7-427E-8A9C-47FD41768EC8}.Debug|Any CPU.Build.0 = Debug|Any CPU
		{995CB0C8-55E7-427E-8A9C-47FD41768EC8}.Release|Any CPU.ActiveCfg = Release|Any CPU
		{995CB0C8-55E7-427E-8A9C-47FD41768EC8}.Release|Any CPU.Build.0 = Release|Any CPU
		{FAE7628E-6462-4E90-AAA2-7AB6C453AD06}.Debug|Any CPU.ActiveCfg = Debug|Any CPU
		{FAE7628E-6462-4E90-AAA2-7AB6C453AD06}.Debug|Any CPU.Build.0 = Debug|Any CPU
		{FAE7628E-6462-4E90-AAA2-7AB6C453AD06}.Release|Any CPU.ActiveCfg = Release|Any CPU
		{FAE7628E-6462-4E90-AAA2-7AB6C453AD06}.Release|Any CPU.Build.0 = Release|Any CPU
		{822C5F73-A328-4FAA-B164-993B98465C2C}.Debug|Any CPU.ActiveCfg = Debug|Any CPU
		{822C5F73-A328-4FAA-B164-993B98465C2C}.Debug|Any CPU.Build.0 = Debug|Any CPU
		{822C5F73-A328-4FAA-B164-993B98465C2C}.Release|Any CPU.ActiveCfg = Release|Any CPU
		{822C5F73-A328-4FAA-B164-993B98465C2C}.Release|Any CPU.Build.0 = Release|Any CPU
		{D20425E9-9E7D-4C29-8B43-97F6F2347FFE}.Debug|Any CPU.ActiveCfg = Debug|Any CPU
		{D20425E9-9E7D-4C29-8B43-97F6F2347FFE}.Debug|Any CPU.Build.0 = Debug|Any CPU
		{D20425E9-9E7D-4C29-8B43-97F6F2347FFE}.Release|Any CPU.ActiveCfg = Release|Any CPU
		{D20425E9-9E7D-4C29-8B43-97F6F2347FFE}.Release|Any CPU.Build.0 = Release|Any CPU
		{06C87889-171C-4792-97BC-F76F190BAF9D}.Debug|Any CPU.ActiveCfg = Debug|Any CPU
		{06C87889-171C-4792-97BC-F76F190BAF9D}.Debug|Any CPU.Build.0 = Debug|Any CPU
		{06C87889-171C-4792-97BC-F76F190BAF9D}.Release|Any CPU.ActiveCfg = Release|Any CPU
		{06C87889-171C-4792-97BC-F76F190BAF9D}.Release|Any CPU.Build.0 = Release|Any CPU
		{1FA30D83-4F50-41E9-A6E3-A2AA9852AA33}.Debug|Any CPU.ActiveCfg = Debug|Any CPU
		{1FA30D83-4F50-41E9-A6E3-A2AA9852AA33}.Debug|Any CPU.Build.0 = Debug|Any CPU
		{1FA30D83-4F50-41E9-A6E3-A2AA9852AA33}.Release|Any CPU.ActiveCfg = Release|Any CPU
		{1FA30D83-4F50-41E9-A6E3-A2AA9852AA33}.Release|Any CPU.Build.0 = Release|Any CPU
		{5140DBD0-2271-47C9-AC28-E95F26DDE783}.Debug|Any CPU.ActiveCfg = Debug|Any CPU
		{5140DBD0-2271-47C9-AC28-E95F26DDE783}.Debug|Any CPU.Build.0 = Debug|Any CPU
		{5140DBD0-2271-47C9-AC28-E95F26DDE783}.Release|Any CPU.ActiveCfg = Release|Any CPU
		{5140DBD0-2271-47C9-AC28-E95F26DDE783}.Release|Any CPU.Build.0 = Release|Any CPU
	EndGlobalSection
	GlobalSection(SolutionProperties) = preSolution
		HideSolutionNode = FALSE
	EndGlobalSection
	GlobalSection(NestedProjects) = preSolution
		{7F5DA0D6-7EBC-43A7-812D-3363089F05F5} = {568B12B9-C907-46C1-9F30-089DB248AEBD}
		{80D0A370-AA85-41FA-863F-369F8C569DF6} = {A3885BC2-DBA3-44DE-A19A-CAA2B10ECB7E}
		{20A369DE-8F25-491F-8758-5C7B43F88DC9} = {A3885BC2-DBA3-44DE-A19A-CAA2B10ECB7E}
		{E8BF84DD-3966-43A0-867D-1CF90108545F} = {568B12B9-C907-46C1-9F30-089DB248AEBD}
		{02C65F1A-34E3-4A2D-8A0C-3284E4662CE1} = {568B12B9-C907-46C1-9F30-089DB248AEBD}
		{303B1632-FF50-4C37-9745-BCAEEE872E03} = {568B12B9-C907-46C1-9F30-089DB248AEBD}
		{92F6EA87-867A-4C38-9941-EFEE7413CC72} = {7F5DA0D6-7EBC-43A7-812D-3363089F05F5}
		{6698F2A7-2975-4DB9-93AE-82AE7A1C610A} = {7F5DA0D6-7EBC-43A7-812D-3363089F05F5}
		{95574F2D-D6C2-4DA3-9CC1-9D1838EEAF9B} = {7F5DA0D6-7EBC-43A7-812D-3363089F05F5}
		{995CB0C8-55E7-427E-8A9C-47FD41768EC8} = {7F5DA0D6-7EBC-43A7-812D-3363089F05F5}
		{FAE7628E-6462-4E90-AAA2-7AB6C453AD06} = {7F5DA0D6-7EBC-43A7-812D-3363089F05F5}
		{822C5F73-A328-4FAA-B164-993B98465C2C} = {7F5DA0D6-7EBC-43A7-812D-3363089F05F5}
		{D20425E9-9E7D-4C29-8B43-97F6F2347FFE} = {7F5DA0D6-7EBC-43A7-812D-3363089F05F5}
		{06C87889-171C-4792-97BC-F76F190BAF9D} = {7F5DA0D6-7EBC-43A7-812D-3363089F05F5}
		{1FA30D83-4F50-41E9-A6E3-A2AA9852AA33} = {7F5DA0D6-7EBC-43A7-812D-3363089F05F5}
		{157A33B6-78ED-4494-9985-E06B46C8E87D} = {E5B1DF5A-07C3-4E11-A881-851D6C6E4927}
		{D4FE76C6-4FFF-461A-8AB9-215835333A6C} = {E5B1DF5A-07C3-4E11-A881-851D6C6E4927}
	EndGlobalSection
	GlobalSection(ExtensibilityGlobals) = postSolution
		SolutionGuid = {1A1C25FA-E067-48BA-A479-2F251496CF15}
	EndGlobalSection
EndGlobal
